
Microsoft Visual Studio Solution File, Format Version 12.00
# Visual Studio Version 17
VisualStudioVersion = 17.4.33213.308
MinimumVisualStudioVersion = 10.0.40219.1
Project("{FAE04EC0-301F-11D3-BF4B-00C04F79EFBC}") = "AddressForms", "AddressForms\AddressForms.csproj", "{9C8B5200-9625-4B7F-825E-0F3520CA20E4}"
EndProject
Project("{FAE04EC0-301F-11D3-BF4B-00C04F79EFBC}") = "PersonAddressLibrary.Framework", "PersonAddressLibrary.Framework\PersonAddressLibrary.Framework.csproj", "{828DC589-8B57-4464-BFFD-E2555A6499D1}"
EndProject
Project("{9A19103F-16F7-4668-BE54-9A1E7A4F7556}") = "AddressForms.WPF", "AddressForms.WPF\AddressForms.WPF.csproj", "{A444C5C3-EED8-4686-8735-AB0A4912523E}"
EndProject
Project("{FAE04EC0-301F-11D3-BF4B-00C04F79EFBC}") = "DataManagementLibrary", "DataManagementLibrary\DataManagementLibrary.csproj", "{A264F262-57C2-4AFF-ABF2-2B0E03CC57CC}"
EndProject
Global
	GlobalSection(SolutionConfigurationPlatforms) = preSolution
		Debug|Any CPU = Debug|Any CPU
		Release|Any CPU = Release|Any CPU
	EndGlobalSection
	GlobalSection(ProjectConfigurationPlatforms) = postSolution
		{9C8B5200-9625-4B7F-825E-0F3520CA20E4}.Debug|Any CPU.ActiveCfg = Debug|Any CPU
		{9C8B5200-9625-4B7F-825E-0F3520CA20E4}.Debug|Any CPU.Build.0 = Debug|Any CPU
		{9C8B5200-9625-4B7F-825E-0F3520CA20E4}.Release|Any CPU.ActiveCfg = Release|Any CPU
		{9C8B5200-9625-4B7F-825E-0F3520CA20E4}.Release|Any CPU.Build.0 = Release|Any CPU
		{828DC589-8B57-4464-BFFD-E2555A6499D1}.Debug|Any CPU.ActiveCfg = Debug|Any CPU
		{828DC589-8B57-4464-BFFD-E2555A6499D1}.Debug|Any CPU.Build.0 = Debug|Any CPU
		{828DC589-8B57-4464-BFFD-E2555A6499D1}.Release|Any CPU.ActiveCfg = Release|Any CPU
		{828DC589-8B57-4464-BFFD-E2555A6499D1}.Release|Any CPU.Build.0 = Release|Any CPU
		{A444C5C3-EED8-4686-8735-AB0A4912523E}.Debug|Any CPU.ActiveCfg = Debug|Any CPU
		{A444C5C3-EED8-4686-8735-AB0A4912523E}.Debug|Any CPU.Build.0 = Debug|Any CPU
		{A444C5C3-EED8-4686-8735-AB0A4912523E}.Release|Any CPU.ActiveCfg = Release|Any CPU
		{A444C5C3-EED8-4686-8735-AB0A4912523E}.Release|Any CPU.Build.0 = Release|Any CPU
		{A264F262-57C2-4AFF-ABF2-2B0E03CC57CC}.Debug|Any CPU.ActiveCfg = Debug|Any CPU
		{A264F262-57C2-4AFF-ABF2-2B0E03CC57CC}.Debug|Any CPU.Build.0 = Debug|Any CPU
		{A264F262-57C2-4AFF-ABF2-2B0E03CC57CC}.Release|Any CPU.ActiveCfg = Release|Any CPU
		{A264F262-57C2-4AFF-ABF2-2B0E03CC57CC}.Release|Any CPU.Build.0 = Release|Any CPU
	EndGlobalSection
	GlobalSection(SolutionProperties) = preSolution
		HideSolutionNode = FALSE
	EndGlobalSection
	GlobalSection(ExtensibilityGlobals) = postSolution
		SolutionGuid = {D3BA39C8-03CF-49CC-ADD1-267FF83C1C58}
	EndGlobalSection
EndGlobal
